// !$*UTF8*$!
{
	archiveVersion = 1;
	classes = {
	};
	objectVersion = 46;
	objects = {

/* Begin PBXBuildFile section */
		3C14C3481DE82A1900E9E3A2 /* main.m in Sources */ = {isa = PBXBuildFile; fileRef = 3C14C3471DE82A1900E9E3A2 /* main.m */; };
		3C14C34B1DE82A1900E9E3A2 /* AppDelegate.m in Sources */ = {isa = PBXBuildFile; fileRef = 3C14C34A1DE82A1900E9E3A2 /* AppDelegate.m */; };
		3C14C34E1DE82A1900E9E3A2 /* ViewController.m in Sources */ = {isa = PBXBuildFile; fileRef = 3C14C34D1DE82A1900E9E3A2 /* ViewController.m */; };
		3C14C3511DE82A1900E9E3A2 /* Main.storyboard in Resources */ = {isa = PBXBuildFile; fileRef = 3C14C34F1DE82A1900E9E3A2 /* Main.storyboard */; };
		3C14C3531DE82A1900E9E3A2 /* Assets.xcassets in Resources */ = {isa = PBXBuildFile; fileRef = 3C14C3521DE82A1900E9E3A2 /* Assets.xcassets */; };
		3C14C3561DE82A1900E9E3A2 /* LaunchScreen.storyboard in Resources */ = {isa = PBXBuildFile; fileRef = 3C14C3541DE82A1900E9E3A2 /* LaunchScreen.storyboard */; };
		3C14C35E1DE82C1E00E9E3A2 /* FontList.plist in Resources */ = {isa = PBXBuildFile; fileRef = 3C14C35D1DE82C1E00E9E3A2 /* FontList.plist */; };
		F532EDE91DE8503F003DDF2E /* ZYFontViewController.m in Sources */ = {isa = PBXBuildFile; fileRef = F532EDE81DE8503F003DDF2E /* ZYFontViewController.m */; };
/* End PBXBuildFile section */

/* Begin PBXFileReference section */
		3C14C3431DE82A1900E9E3A2 /* appFont.app */ = {isa = PBXFileReference; explicitFileType = wrapper.application; includeInIndex = 0; path = appFont.app; sourceTree = BUILT_PRODUCTS_DIR; };
		3C14C3471DE82A1900E9E3A2 /* main.m */ = {isa = PBXFileReference; lastKnownFileType = sourcecode.c.objc; path = main.m; sourceTree = "<group>"; };
		3C14C3491DE82A1900E9E3A2 /* AppDelegate.h */ = {isa = PBXFileReference; lastKnownFileType = sourcecode.c.h; path = AppDelegate.h; sourceTree = "<group>"; };
		3C14C34A1DE82A1900E9E3A2 /* AppDelegate.m */ = {isa = PBXFileReference; lastKnownFileType = sourcecode.c.objc; path = AppDelegate.m; sourceTree = "<group>"; };
		3C14C34C1DE82A1900E9E3A2 /* ViewController.h */ = {isa = PBXFileReference; lastKnownFileType = sourcecode.c.h; path = ViewController.h; sourceTree = "<group>"; };
		3C14C34D1DE82A1900E9E3A2 /* ViewController.m */ = {isa = PBXFileReference; lastKnownFileType = sourcecode.c.objc; path = ViewController.m; sourceTree = "<group>"; };
		3C14C3501DE82A1900E9E3A2 /* Base */ = {isa = PBXFileReference; lastKnownFileType = file.storyboard; name = Base; path = Base.lproj/Main.storyboard; sourceTree = "<group>"; };
		3C14C3521DE82A1900E9E3A2 /* Assets.xcassets */ = {isa = PBXFileReference; lastKnownFileType = folder.assetcatalog; path = Assets.xcassets; sourceTree = "<group>"; };
		3C14C3551DE82A1900E9E3A2 /* Base */ = {isa = PBXFileReference; lastKnownFileType = file.storyboard; name = Base; path = Base.lproj/LaunchScreen.storyboard; sourceTree = "<group>"; };
		3C14C3571DE82A1A00E9E3A2 /* Info.plist */ = {isa = PBXFileReference; lastKnownFileType = text.plist.xml; path = Info.plist; sourceTree = "<group>"; };
		3C14C35D1DE82C1E00E9E3A2 /* FontList.plist */ = {isa = PBXFileReference; fileEncoding = 4; lastKnownFileType = text.plist.xml; path = FontList.plist; sourceTree = "<group>"; };
		F532EDE71DE8503F003DDF2E /* ZYFontViewController.h */ = {isa = PBXFileReference; fileEncoding = 4; lastKnownFileType = sourcecode.c.h; path = ZYFontViewController.h; sourceTree = "<group>"; };
		F532EDE81DE8503F003DDF2E /* ZYFontViewController.m */ = {isa = PBXFileReference; fileEncoding = 4; lastKnownFileType = sourcecode.c.objc; path = ZYFontViewController.m; sourceTree = "<group>"; };
/* End PBXFileReference section */

/* Begin PBXFrameworksBuildPhase section */
		3C14C3401DE82A1900E9E3A2 /* Frameworks */ = {
			isa = PBXFrameworksBuildPhase;
			buildActionMask = 2147483647;
			files = (
			);
			runOnlyForDeploymentPostprocessing = 0;
		};
/* End PBXFrameworksBuildPhase section */

/* Begin PBXGroup section */
		3C14C33A1DE82A1900E9E3A2 = {
			isa = PBXGroup;
			children = (
				3C14C3451DE82A1900E9E3A2 /* appFont */,
				3C14C3441DE82A1900E9E3A2 /* Products */,
			);
			sourceTree = "<group>";
		};
		3C14C3441DE82A1900E9E3A2 /* Products */ = {
			isa = PBXGroup;
			children = (
				3C14C3431DE82A1900E9E3A2 /* appFont.app */,
			);
			name = Products;
			sourceTree = "<group>";
		};
		3C14C3451DE82A1900E9E3A2 /* appFont */ = {
			isa = PBXGroup;
			children = (
				3C14C3491DE82A1900E9E3A2 /* AppDelegate.h */,
				3C14C34A1DE82A1900E9E3A2 /* AppDelegate.m */,
				3C14C34C1DE82A1900E9E3A2 /* ViewController.h */,
				3C14C34D1DE82A1900E9E3A2 /* ViewController.m */,
				F532EDE71DE8503F003DDF2E /* ZYFontViewController.h */,
				F532EDE81DE8503F003DDF2E /* ZYFontViewController.m */,
				3C14C35D1DE82C1E00E9E3A2 /* FontList.plist */,
				3C14C34F1DE82A1900E9E3A2 /* Main.storyboard */,
				3C14C3521DE82A1900E9E3A2 /* Assets.xcassets */,
				3C14C3541DE82A1900E9E3A2 /* LaunchScreen.storyboard */,
				3C14C3571DE82A1A00E9E3A2 /* Info.plist */,
				3C14C3461DE82A1900E9E3A2 /* Supporting Files */,
			);
			path = appFont;
			sourceTree = "<group>";
		};
		3C14C3461DE82A1900E9E3A2 /* Supporting Files */ = {
			isa = PBXGroup;
			children = (
				3C14C3471DE82A1900E9E3A2 /* main.m */,
			);
			name = "Supporting Files";
			sourceTree = "<group>";
		};
/* End PBXGroup section */

/* Begin PBXNativeTarget section */
		3C14C3421DE82A1900E9E3A2 /* appFont */ = {
			isa = PBXNativeTarget;
			buildConfigurationList = 3C14C35A1DE82A1A00E9E3A2 /* Build configuration list for PBXNativeTarget "appFont" */;
			buildPhases = (
				3C14C33F1DE82A1900E9E3A2 /* Sources */,
				3C14C3401DE82A1900E9E3A2 /* Frameworks */,
				3C14C3411DE82A1900E9E3A2 /* Resources */,
			);
			buildRules = (
			);
			dependencies = (
			);
			name = appFont;
			productName = appFont;
			productReference = 3C14C3431DE82A1900E9E3A2 /* appFont.app */;
			productType = "com.apple.product-type.application";
		};
/* End PBXNativeTarget section */

/* Begin PBXProject section */
		3C14C33B1DE82A1900E9E3A2 /* Project object */ = {
			isa = PBXProject;
			attributes = {
				LastUpgradeCheck = 0810;
				ORGANIZATIONNAME = LDWL;
				TargetAttributes = {
					3C14C3421DE82A1900E9E3A2 = {
						CreatedOnToolsVersion = 8.1;
						DevelopmentTeam = VK6VB86T3H;
						ProvisioningStyle = Automatic;
					};
				};
			};
			buildConfigurationList = 3C14C33E1DE82A1900E9E3A2 /* Build configuration list for PBXProject "appFont" */;
			compatibilityVersion = "Xcode 3.2";
			developmentRegion = English;
			hasScannedForEncodings = 0;
			knownRegions = (
				en,
				Base,
			);
			mainGroup = 3C14C33A1DE82A1900E9E3A2;
			productRefGroup = 3C14C3441DE82A1900E9E3A2 /* Products */;
			projectDirPath = "";
			projectRoot = "";
			targets = (
				3C14C3421DE82A1900E9E3A2 /* appFont */,
			);
		};
/* End PBXProject section */

/* Begin PBXResourcesBuildPhase section */
		3C14C3411DE82A1900E9E3A2 /* Resources */ = {
			isa = PBXResourcesBuildPhase;
			buildActionMask = 2147483647;
			files = (
				3C14C3561DE82A1900E9E3A2 /* LaunchScreen.storyboard in Resources */,
				3C14C3531DE82A1900E9E3A2 /* Assets.xcassets in Resources */,
				3C14C3511DE82A1900E9E3A2 /* Main.storyboard in Resources */,
				3C14C35E1DE82C1E00E9E3A2 /* FontList.plist in Resources */,
			);
			runOnlyForDeploymentPostprocessing = 0;
		};
/* End PBXResourcesBuildPhase section */

/* Begin PBXSourcesBuildPhase section */
		3C14C33F1DE82A1900E9E3A2 /* Sources */ = {
			isa = PBXSourcesBuildPhase;
			buildActionMask = 2147483647;
			files = (
				3C14C34E1DE82A1900E9E3A2 /* ViewController.m in Sources */,
				3C14C34B1DE82A1900E9E3A2 /* AppDelegate.m in Sources */,
				F532EDE91DE8503F003DDF2E /* ZYFontViewController.m in Sources */,
				3C14C3481DE82A1900E9E3A2 /* main.m in Sources */,
			);
			runOnlyForDeploymentPostprocessing = 0;
		};
/* End PBXSourcesBuildPhase section */

/* Begin PBXVariantGroup section */
		3C14C34F1DE82A1900E9E3A2 /* Main.storyboard */ = {
			isa = PBXVariantGroup;
			children = (
				3C14C3501DE82A1900E9E3A2 /* Base */,
			);
			name = Main.storyboard;
			sourceTree = "<group>";
		};
		3C14C3541DE82A1900E9E3A2 /* LaunchScreen.storyboard */ = {
			isa = PBXVariantGroup;
			children = (
				3C14C3551DE82A1900E9E3A2 /* Base */,
			);
			name = LaunchScreen.storyboard;
			sourceTree = "<group>";
		};
/* End PBXVariantGroup section */

/* Begin XCBuildConfiguration section */
		3C14C3581DE82A1A00E9E3A2 /* Debug */ = {
			isa = XCBuildConfiguration;
			buildSettings = {
				ALWAYS_SEARCH_USER_PATHS = NO;
				CLANG_ANALYZER_NONNULL = YES;
				CLANG_CXX_LANGUAGE_STANDARD = "gnu++0x";
				CLANG_CXX_LIBRARY = "libc++";
				CLANG_ENABLE_MODULES = YES;
				CLANG_ENABLE_OBJC_ARC = YES;
				CLANG_WARN_BOOL_CONVERSION = YES;
				CLANG_WARN_CONSTANT_CONVERSION = YES;
				CLANG_WARN_DIRECT_OBJC_ISA_USAGE = YES_ERROR;
				CLANG_WARN_DOCUMENTATION_COMMENTS = YES;
				CLANG_WARN_EMPTY_BODY = YES;
				CLANG_WARN_ENUM_CONVERSION = YES;
				CLANG_WARN_INFINITE_RECURSION = YES;
				CLANG_WARN_INT_CONVERSION = YES;
				CLANG_WARN_OBJC_ROOT_CLASS = YES_ERROR;
				CLANG_WARN_SUSPICIOUS_MOVES = YES;
				CLANG_WARN_UNREACHABLE_CODE = YES;
				CLANG_WARN__DUPLICATE_METHOD_MATCH = YES;
				"CODE_SIGN_IDENTITY[sdk=iphoneos*]" = "iPhone Developer";
				COPY_PHASE_STRIP = NO;
				DEBUG_INFORMATION_FORMAT = dwarf;
				ENABLE_STRICT_OBJC_MSGSEND = YES;
				ENABLE_TESTABILITY = YES;
				GCC_C_LANGUAGE_STANDARD = gnu99;
				GCC_DYNAMIC_NO_PIC = NO;
				GCC_NO_COMMON_BLOCKS = YES;
				GCC_OPTIMIZATION_LEVEL = 0;
				GCC_PREPROCESSOR_DEFINITIONS = (
					"DEBUG=1",
					"$(inherited)",
				);
				GCC_WARN_64_TO_32_BIT_CONVERSION = YES;
				GCC_WARN_ABOUT_RETURN_TYPE = YES_ERROR;
				GCC_WARN_UNDECLARED_SELECTOR = YES;
				GCC_WARN_UNINITIALIZED_AUTOS = YES_AGGRESSIVE;
				GCC_WARN_UNUSED_FUNCTION = YES;
				GCC_WARN_UNUSED_VARIABLE = YES;
				IPHONEOS_DEPLOYMENT_TARGET = 10.1;
				MTL_ENABLE_DEBUG_INFO = YES;
				ONLY_ACTIVE_ARCH = YES;
				SDKROOT = iphoneos;
				TARGETED_DEVICE_FAMILY = "1,2";
			};
			name = Debug;
		};
		3C14C3591DE82A1A00E9E3A2 /* Release */ = {
			isa = XCBuildConfiguration;
			buildSettings = {
				ALWAYS_SEARCH_USER_PATHS = NO;
				CLANG_ANALYZER_NONNULL = YES;
				CLANG_CXX_LANGUAGE_STANDARD = "gnu++0x";
				CLANG_CXX_LIBRARY = "libc++";
				CLANG_ENABLE_MODULES = YES;
				CLANG_ENABLE_OBJC_ARC = YES;
				CLANG_WARN_BOOL_CONVERSION = YES;
				CLANG_WARN_CONSTANT_CONVERSION = YES;
				CLANG_WARN_DIRECT_OBJC_ISA_USAGE = YES_ERROR;
				CLANG_WARN_DOCUMENTATION_COMMENTS = YES;
				CLANG_WARN_EMPTY_BODY = YES;
				CLANG_WARN_ENUM_CONVERSION = YES;
				CLANG_WARN_INFINITE_RECURSION = YES;
				CLANG_WARN_INT_CONVERSION = YES;
				CLANG_WARN_OBJC_ROOT_CLASS = YES_ERROR;
				CLANG_WARN_SUSPICIOUS_MOVES = YES;
				CLANG_WARN_UNREACHABLE_CODE = YES;
				CLANG_WARN__DUPLICATE_METHOD_MATCH = YES;
				"CODE_SIGN_IDENTITY[sdk=iphoneos*]" = "iPhone Developer";
				COPY_PHASE_STRIP = NO;
				DEBUG_INFORMATION_FORMAT = "dwarf-with-dsym";
				ENABLE_NS_ASSERTIONS = NO;
				ENABLE_STRICT_OBJC_MSGSEND = YES;
				GCC_C_LANGUAGE_STANDARD = gnu99;
				GCC_NO_COMMON_BLOCKS = YES;
				GCC_WARN_64_TO_32_BIT_CONVERSION = YES;
				GCC_WARN_ABOUT_RETURN_TYPE = YES_ERROR;
				GCC_WARN_UNDECLARED_SELECTOR = YES;
				GCC_WARN_UNINITIALIZED_AUTOS = YES_AGGRESSIVE;
				GCC_WARN_UNUSED_FUNCTION = YES;
				GCC_WARN_UNUSED_VARIABLE = YES;
				IPHONEOS_DEPLOYMENT_TARGET = 10.1;
				MTL_ENABLE_DEBUG_INFO = NO;
				SDKROOT = iphoneos;
				TARGETED_DEVICE_FAMILY = "1,2";
				VALIDATE_PRODUCT = YES;
			};
			name = Release;
		};
		3C14C35B1DE82A1A00E9E3A2 /* Debug */ = {
			isa = XCBuildConfiguration;
			buildSettings = {
				ASSETCATALOG_COMPILER_APPICON_NAME = AppIcon;
				DEVELOPMENT_TEAM = VK6VB86T3H;
				INFOPLIST_FILE = appFont/Info.plist;
				IPHONEOS_DEPLOYMENT_TARGET = 10.0;
				LD_RUNPATH_SEARCH_PATHS = "$(inherited) @executable_path/Frameworks";
				PRODUCT_BUNDLE_IDENTIFIER = www.ldwl.com.appFont;
				PRODUCT_NAME = "$(TARGET_NAME)";
			};
			name = Debug;
		};
		3C14C35C1DE82A1A00E9E3A2 /* Release */ = {
			isa = XCBuildConfiguration;
			buildSettings = {
				ASSETCATALOG_COMPILER_APPICON_NAME = AppIcon;
				DEVELOPMENT_TEAM = VK6VB86T3H;
				INFOPLIST_FILE = appFont/Info.plist;
				IPHONEOS_DEPLOYMENT_TARGET = 10.0;
				LD_RUNPATH_SEARCH_PATHS = "$(inherited) @executable_path/Frameworks";
				PRODUCT_BUNDLE_IDENTIFIER = www.ldwl.com.appFont;
				PRODUCT_NAME = "$(TARGET_NAME)";
			};
			name = Release;
		};
/* End XCBuildConfiguration section */

/* Begin XCConfigurationList section */
		3C14C33E1DE82A1900E9E3A2 /* Build configuration list for PBXProject "appFont" */ = {
			isa = XCConfigurationList;
			buildConfigurations = (
				3C14C3581DE82A1A00E9E3A2 /* Debug */,
				3C14C3591DE82A1A00E9E3A2 /* Release */,
			);
			defaultConfigurationIsVisible = 0;
			defaultConfigurationName = Release;
		};
		3C14C35A1DE82A1A00E9E3A2 /* Build configuration list for PBXNativeTarget "appFont" */ = {
			isa = XCConfigurationList;
			buildConfigurations = (
				3C14C35B1DE82A1A00E9E3A2 /* Debug */,
				3C14C35C1DE82A1A00E9E3A2 /* Release */,
			);
			defaultConfigurationIsVisible = 0;
			defaultConfigurationName = Release;
		};
/* End XCConfigurationList section */
	};
	rootObject = 3C14C33B1DE82A1900E9E3A2 /* Project object */;
}
